
Microsoft Visual Studio Solution File, Format Version 12.00
# Visual Studio 14
VisualStudioVersion = 14.0.25420.1
MinimumVisualStudioVersion = 10.0.40219.1
Project("{FAE04EC0-301F-11D3-BF4B-00C04F79EFBC}") = "KataBank", "KataBank\KataBank.csproj", "{3DB31F01-C16D-41C4-BF65-C55E933A46DF}"
EndProject
Project("{FAE04EC0-301F-11D3-BF4B-00C04F79EFBC}") = "KataBank.Tests", "KataBank.Tests\KataBank.Tests.csproj", "{1309545C-9E87-4F8D-A787-136C338F59F5}"
EndProject
Global
	GlobalSection(SolutionConfigurationPlatforms) = preSolution
		Debug|Any CPU = Debug|Any CPU
		Release|Any CPU = Release|Any CPU
	EndGlobalSection
	GlobalSection(ProjectConfigurationPlatforms) = postSolution
		{3DB31F01-C16D-41C4-BF65-C55E933A46DF}.Debug|Any CPU.ActiveCfg = Debug|Any CPU
		{3DB31F01-C16D-41C4-BF65-C55E933A46DF}.Debug|Any CPU.Build.0 = Debug|Any CPU
		{3DB31F01-C16D-41C4-BF65-C55E933A46DF}.Release|Any CPU.ActiveCfg = Release|Any CPU
		{3DB31F01-C16D-41C4-BF65-C55E933A46DF}.Release|Any CPU.Build.0 = Release|Any CPU
		{1309545C-9E87-4F8D-A787-136C338F59F5}.Debug|Any CPU.ActiveCfg = Debug|Any CPU
		{1309545C-9E87-4F8D-A787-136C338F59F5}.Debug|Any CPU.Build.0 = Debug|Any CPU
		{1309545C-9E87-4F8D-A787-136C338F59F5}.Release|Any CPU.ActiveCfg = Release|Any CPU
		{1309545C-9E87-4F8D-A787-136C338F59F5}.Release|Any CPU.Build.0 = Release|Any CPU
	EndGlobalSection
	GlobalSection(SolutionProperties) = preSolution
		HideSolutionNode = FALSE
	EndGlobalSection
EndGlobal
